
Microsoft Visual Studio Solution File, Format Version 12.00
# Visual Studio Version 17
VisualStudioVersion = 17.6.33801.468
MinimumVisualStudioVersion = 10.0.40219.1
Project("{FAE04EC0-301F-11D3-BF4B-00C04F79EFBC}") = "Exercise_14", "Exercise_14\Exercise_14.csproj", "{A46A0353-20C5-4270-A586-EC57D4675AE5}"
EndProject
Global
	GlobalSection(SolutionConfigurationPlatforms) = preSolution
		Debug|Any CPU = Debug|Any CPU
		Release|Any CPU = Release|Any CPU
	EndGlobalSection
	GlobalSection(ProjectConfigurationPlatforms) = postSolution
		{A46A0353-20C5-4270-A586-EC57D4675AE5}.Debug|Any CPU.ActiveCfg = Debug|Any CPU
		{A46A0353-20C5-4270-A586-EC57D4675AE5}.Debug|Any CPU.Build.0 = Debug|Any CPU
		{A46A0353-20C5-4270-A586-EC57D4675AE5}.Release|Any CPU.ActiveCfg = Release|Any CPU
		{A46A0353-20C5-4270-A586-EC57D4675AE5}.Release|Any CPU.Build.0 = Release|Any CPU
	EndGlobalSection
	GlobalSection(SolutionProperties) = preSolution
		HideSolutionNode = FALSE
	EndGlobalSection
	GlobalSection(ExtensibilityGlobals) = postSolution
		SolutionGuid = {DB3BC23B-93FF-46AF-B42B-4F3C203E9997}
	EndGlobalSection
EndGlobal
