
Microsoft Visual Studio Solution File, Format Version 12.00
# Visual Studio Version 17
VisualStudioVersion = 17.6.33801.468
MinimumVisualStudioVersion = 10.0.40219.1
Project("{FAE04EC0-301F-11D3-BF4B-00C04F79EFBC}") = "Exercise_19", "Exercise_19\Exercise_19.csproj", "{74AA1B3D-ACBB-4888-9C78-8F272AC61D42}"
EndProject
Global
	GlobalSection(SolutionConfigurationPlatforms) = preSolution
		Debug|Any CPU = Debug|Any CPU
		Release|Any CPU = Release|Any CPU
	EndGlobalSection
	GlobalSection(ProjectConfigurationPlatforms) = postSolution
		{74AA1B3D-ACBB-4888-9C78-8F272AC61D42}.Debug|Any CPU.ActiveCfg = Debug|Any CPU
		{74AA1B3D-ACBB-4888-9C78-8F272AC61D42}.Debug|Any CPU.Build.0 = Debug|Any CPU
		{74AA1B3D-ACBB-4888-9C78-8F272AC61D42}.Release|Any CPU.ActiveCfg = Release|Any CPU
		{74AA1B3D-ACBB-4888-9C78-8F272AC61D42}.Release|Any CPU.Build.0 = Release|Any CPU
	EndGlobalSection
	GlobalSection(SolutionProperties) = preSolution
		HideSolutionNode = FALSE
	EndGlobalSection
	GlobalSection(ExtensibilityGlobals) = postSolution
		SolutionGuid = {058316A6-BCD7-4120-857C-C9CCC73FB027}
	EndGlobalSection
EndGlobal
