
Microsoft Visual Studio Solution File, Format Version 12.00
# Visual Studio Version 17
VisualStudioVersion = 17.6.33801.468
MinimumVisualStudioVersion = 10.0.40219.1
Project("{FAE04EC0-301F-11D3-BF4B-00C04F79EFBC}") = "Exercise_16", "Exercise_16\Exercise_16.csproj", "{95072C27-C890-40E4-8875-4B3E49FBC68C}"
EndProject
Global
	GlobalSection(SolutionConfigurationPlatforms) = preSolution
		Debug|Any CPU = Debug|Any CPU
		Release|Any CPU = Release|Any CPU
	EndGlobalSection
	GlobalSection(ProjectConfigurationPlatforms) = postSolution
		{95072C27-C890-40E4-8875-4B3E49FBC68C}.Debug|Any CPU.ActiveCfg = Debug|Any CPU
		{95072C27-C890-40E4-8875-4B3E49FBC68C}.Debug|Any CPU.Build.0 = Debug|Any CPU
		{95072C27-C890-40E4-8875-4B3E49FBC68C}.Release|Any CPU.ActiveCfg = Release|Any CPU
		{95072C27-C890-40E4-8875-4B3E49FBC68C}.Release|Any CPU.Build.0 = Release|Any CPU
	EndGlobalSection
	GlobalSection(SolutionProperties) = preSolution
		HideSolutionNode = FALSE
	EndGlobalSection
	GlobalSection(ExtensibilityGlobals) = postSolution
		SolutionGuid = {36C53F66-8D1C-46F7-AE6E-D9A5AD457A7B}
	EndGlobalSection
EndGlobal
