
Microsoft Visual Studio Solution File, Format Version 12.00
# Visual Studio Version 17
VisualStudioVersion = 17.6.33801.468
MinimumVisualStudioVersion = 10.0.40219.1
Project("{FAE04EC0-301F-11D3-BF4B-00C04F79EFBC}") = "Exercise_09", "Exercise_09\Exercise_09.csproj", "{ABE9F5DB-DDEB-42F0-93BF-F00632C05305}"
EndProject
Global
	GlobalSection(SolutionConfigurationPlatforms) = preSolution
		Debug|Any CPU = Debug|Any CPU
		Release|Any CPU = Release|Any CPU
	EndGlobalSection
	GlobalSection(ProjectConfigurationPlatforms) = postSolution
		{ABE9F5DB-DDEB-42F0-93BF-F00632C05305}.Debug|Any CPU.ActiveCfg = Debug|Any CPU
		{ABE9F5DB-DDEB-42F0-93BF-F00632C05305}.Debug|Any CPU.Build.0 = Debug|Any CPU
		{ABE9F5DB-DDEB-42F0-93BF-F00632C05305}.Release|Any CPU.ActiveCfg = Release|Any CPU
		{ABE9F5DB-DDEB-42F0-93BF-F00632C05305}.Release|Any CPU.Build.0 = Release|Any CPU
	EndGlobalSection
	GlobalSection(SolutionProperties) = preSolution
		HideSolutionNode = FALSE
	EndGlobalSection
	GlobalSection(ExtensibilityGlobals) = postSolution
		SolutionGuid = {7DDB90BB-C9D2-4B60-82A5-15438E1B9202}
	EndGlobalSection
EndGlobal
