
Microsoft Visual Studio Solution File, Format Version 12.00
# Visual Studio Version 17
VisualStudioVersion = 17.6.33801.468
MinimumVisualStudioVersion = 10.0.40219.1
Project("{FAE04EC0-301F-11D3-BF4B-00C04F79EFBC}") = "Exercise_22", "Exercise_22\Exercise_22.csproj", "{D5B76710-F76A-480A-B55D-02468AEBB3CD}"
EndProject
Global
	GlobalSection(SolutionConfigurationPlatforms) = preSolution
		Debug|Any CPU = Debug|Any CPU
		Release|Any CPU = Release|Any CPU
	EndGlobalSection
	GlobalSection(ProjectConfigurationPlatforms) = postSolution
		{D5B76710-F76A-480A-B55D-02468AEBB3CD}.Debug|Any CPU.ActiveCfg = Debug|Any CPU
		{D5B76710-F76A-480A-B55D-02468AEBB3CD}.Debug|Any CPU.Build.0 = Debug|Any CPU
		{D5B76710-F76A-480A-B55D-02468AEBB3CD}.Release|Any CPU.ActiveCfg = Release|Any CPU
		{D5B76710-F76A-480A-B55D-02468AEBB3CD}.Release|Any CPU.Build.0 = Release|Any CPU
	EndGlobalSection
	GlobalSection(SolutionProperties) = preSolution
		HideSolutionNode = FALSE
	EndGlobalSection
	GlobalSection(ExtensibilityGlobals) = postSolution
		SolutionGuid = {94B55282-CBB1-4F22-8A69-945026719E4C}
	EndGlobalSection
EndGlobal
